
Microsoft Visual Studio Solution File, Format Version 12.00
# Visual Studio Version 17
VisualStudioVersion = 17.0.31903.59
MinimumVisualStudioVersion = 10.0.40219.1
Project("{2150E333-8FDC-42A3-9474-1A3956D46DE8}") = "src", "src", "{827E0CD3-B72D-47B6-A68D-7590B98EB39B}"
EndProject
Project("{FAE04EC0-301F-11D3-BF4B-00C04F79EFBC}") = "Automation.Client.Stride", "src\Automation.Client.Stride\Automation.Client.Stride.csproj", "{BC6A44A7-F6F8-4D03-A143-DB1DFF9CC0AD}"
EndProject
Project("{FAE04EC0-301F-11D3-BF4B-00C04F79EFBC}") = "Automation.Client.Stride.Windows", "src\Automation.Client.Stride.Windows\Automation.Client.Stride.Windows.csproj", "{4DB2A308-A5CE-49BD-AFAC-7FE70D356386}"
EndProject
Project("{FAE04EC0-301F-11D3-BF4B-00C04F79EFBC}") = "Automation.Content", "src\Automation.Content\Automation.Content.csproj", "{EE620D66-BE97-46E1-BC0F-A68E551366FF}"
EndProject
Project("{FAE04EC0-301F-11D3-BF4B-00C04F79EFBC}") = "Automation.Domain", "src\Automation.Domain\Automation.Domain.csproj", "{EB0D2B72-52B6-4DB3-8F6A-06FCE4CE973B}"
EndProject
Project("{FAE04EC0-301F-11D3-BF4B-00C04F79EFBC}") = "Automation.Headless", "src\Automation.Headless\Automation.Headless.csproj", "{5A570FF3-32CE-4E91-8C11-72BF323AFC1D}"
EndProject
Project("{FAE04EC0-301F-11D3-BF4B-00C04F79EFBC}") = "Automation.Persistence", "src\Automation.Persistence\Automation.Persistence.csproj", "{8994D0C8-4821-4E1A-875A-CBC9D9109D93}"
EndProject
Project("{FAE04EC0-301F-11D3-BF4B-00C04F79EFBC}") = "Automation.Simulation", "src\Automation.Simulation\Automation.Simulation.csproj", "{EA6B2B86-BA97-4969-AE75-1D39A1E116FF}"
EndProject
Project("{FAE04EC0-301F-11D3-BF4B-00C04F79EFBC}") = "Automation.Tools", "src\Automation.Tools\Automation.Tools.csproj", "{3DB18F89-0053-4E2D-B89A-0DDDCACBF8B9}"
EndProject
Project("{2150E333-8FDC-42A3-9474-1A3956D46DE8}") = "tests", "tests", "{0AB3BF05-4346-4AA6-1389-037BE0695223}"
EndProject
Project("{FAE04EC0-301F-11D3-BF4B-00C04F79EFBC}") = "Automation.Domain.Tests", "tests\Automation.Domain.Tests\Automation.Domain.Tests.csproj", "{3B957F71-B8B1-4427-BE82-CC99419081D9}"
EndProject
Project("{FAE04EC0-301F-11D3-BF4B-00C04F79EFBC}") = "Automation.Integration.Tests", "tests\Automation.Integration.Tests\Automation.Integration.Tests.csproj", "{D2484489-7791-4D95-B45A-7DA43D230369}"
EndProject
Project("{FAE04EC0-301F-11D3-BF4B-00C04F79EFBC}") = "Automation.Simulation.Tests", "tests\Automation.Simulation.Tests\Automation.Simulation.Tests.csproj", "{C682980D-88E7-4D75-8CE0-202660AC8A75}"
EndProject
Global
	GlobalSection(SolutionConfigurationPlatforms) = preSolution
		Debug|Any CPU = Debug|Any CPU
		Debug|x64 = Debug|x64
		Debug|x86 = Debug|x86
		Release|Any CPU = Release|Any CPU
		Release|x64 = Release|x64
		Release|x86 = Release|x86
	EndGlobalSection
	GlobalSection(ProjectConfigurationPlatforms) = postSolution
		{BC6A44A7-F6F8-4D03-A143-DB1DFF9CC0AD}.Debug|Any CPU.ActiveCfg = Debug|Any CPU
		{BC6A44A7-F6F8-4D03-A143-DB1DFF9CC0AD}.Debug|Any CPU.Build.0 = Debug|Any CPU
		{BC6A44A7-F6F8-4D03-A143-DB1DFF9CC0AD}.Debug|x64.ActiveCfg = Debug|Any CPU
		{BC6A44A7-F6F8-4D03-A143-DB1DFF9CC0AD}.Debug|x64.Build.0 = Debug|Any CPU
		{BC6A44A7-F6F8-4D03-A143-DB1DFF9CC0AD}.Debug|x86.ActiveCfg = Debug|Any CPU
		{BC6A44A7-F6F8-4D03-A143-DB1DFF9CC0AD}.Debug|x86.Build.0 = Debug|Any CPU
		{BC6A44A7-F6F8-4D03-A143-DB1DFF9CC0AD}.Release|Any CPU.ActiveCfg = Release|Any CPU
		{BC6A44A7-F6F8-4D03-A143-DB1DFF9CC0AD}.Release|Any CPU.Build.0 = Release|Any CPU
		{BC6A44A7-F6F8-4D03-A143-DB1DFF9CC0AD}.Release|x64.ActiveCfg = Release|Any CPU
		{BC6A44A7-F6F8-4D03-A143-DB1DFF9CC0AD}.Release|x64.Build.0 = Release|Any CPU
		{BC6A44A7-F6F8-4D03-A143-DB1DFF9CC0AD}.Release|x86.ActiveCfg = Release|Any CPU
		{BC6A44A7-F6F8-4D03-A143-DB1DFF9CC0AD}.Release|x86.Build.0 = Release|Any CPU
		{4DB2A308-A5CE-49BD-AFAC-7FE70D356386}.Debug|Any CPU.ActiveCfg = Debug|Any CPU
		{4DB2A308-A5CE-49BD-AFAC-7FE70D356386}.Debug|Any CPU.Build.0 = Debug|Any CPU
		{4DB2A308-A5CE-49BD-AFAC-7FE70D356386}.Debug|x64.ActiveCfg = Debug|Any CPU
		{4DB2A308-A5CE-49BD-AFAC-7FE70D356386}.Debug|x64.Build.0 = Debug|Any CPU
		{4DB2A308-A5CE-49BD-AFAC-7FE70D356386}.Debug|x86.ActiveCfg = Debug|Any CPU
		{4DB2A308-A5CE-49BD-AFAC-7FE70D356386}.Debug|x86.Build.0 = Debug|Any CPU
		{4DB2A308-A5CE-49BD-AFAC-7FE70D356386}.Release|Any CPU.ActiveCfg = Release|Any CPU
		{4DB2A308-A5CE-49BD-AFAC-7FE70D356386}.Release|Any CPU.Build.0 = Release|Any CPU
		{4DB2A308-A5CE-49BD-AFAC-7FE70D356386}.Release|x64.ActiveCfg = Release|Any CPU
		{4DB2A308-A5CE-49BD-AFAC-7FE70D356386}.Release|x64.Build.0 = Release|Any CPU
		{4DB2A308-A5CE-49BD-AFAC-7FE70D356386}.Release|x86.ActiveCfg = Release|Any CPU
		{4DB2A308-A5CE-49BD-AFAC-7FE70D356386}.Release|x86.Build.0 = Release|Any CPU
		{EE620D66-BE97-46E1-BC0F-A68E551366FF}.Debug|Any CPU.ActiveCfg = Debug|Any CPU
		{EE620D66-BE97-46E1-BC0F-A68E551366FF}.Debug|Any CPU.Build.0 = Debug|Any CPU
		{EE620D66-BE97-46E1-BC0F-A68E551366FF}.Debug|x64.ActiveCfg = Debug|Any CPU
		{EE620D66-BE97-46E1-BC0F-A68E551366FF}.Debug|x64.Build.0 = Debug|Any CPU
		{EE620D66-BE97-46E1-BC0F-A68E551366FF}.Debug|x86.ActiveCfg = Debug|Any CPU
		{EE620D66-BE97-46E1-BC0F-A68E551366FF}.Debug|x86.Build.0 = Debug|Any CPU
		{EE620D66-BE97-46E1-BC0F-A68E551366FF}.Release|Any CPU.ActiveCfg = Release|Any CPU
		{EE620D66-BE97-46E1-BC0F-A68E551366FF}.Release|Any CPU.Build.0 = Release|Any CPU
		{EE620D66-BE97-46E1-BC0F-A68E551366FF}.Release|x64.ActiveCfg = Release|Any CPU
		{EE620D66-BE97-46E1-BC0F-A68E551366FF}.Release|x64.Build.0 = Release|Any CPU
		{EE620D66-BE97-46E1-BC0F-A68E551366FF}.Release|x86.ActiveCfg = Release|Any CPU
		{EE620D66-BE97-46E1-BC0F-A68E551366FF}.Release|x86.Build.0 = Release|Any CPU
		{EB0D2B72-52B6-4DB3-8F6A-06FCE4CE973B}.Debug|Any CPU.ActiveCfg = Debug|Any CPU
		{EB0D2B72-52B6-4DB3-8F6A-06FCE4CE973B}.Debug|Any CPU.Build.0 = Debug|Any CPU
		{EB0D2B72-52B6-4DB3-8F6A-06FCE4CE973B}.Debug|x64.ActiveCfg = Debug|Any CPU
		{EB0D2B72-52B6-4DB3-8F6A-06FCE4CE973B}.Debug|x64.Build.0 = Debug|Any CPU
		{EB0D2B72-52B6-4DB3-8F6A-06FCE4CE973B}.Debug|x86.ActiveCfg = Debug|Any CPU
		{EB0D2B72-52B6-4DB3-8F6A-06FCE4CE973B}.Debug|x86.Build.0 = Debug|Any CPU
		{EB0D2B72-52B6-4DB3-8F6A-06FCE4CE973B}.Release|Any CPU.ActiveCfg = Release|Any CPU
		{EB0D2B72-52B6-4DB3-8F6A-06FCE4CE973B}.Release|Any CPU.Build.0 = Release|Any CPU
		{EB0D2B72-52B6-4DB3-8F6A-06FCE4CE973B}.Release|x64.ActiveCfg = Release|Any CPU
		{EB0D2B72-52B6-4DB3-8F6A-06FCE4CE973B}.Release|x64.Build.0 = Release|Any CPU
		{EB0D2B72-52B6-4DB3-8F6A-06FCE4CE973B}.Release|x86.ActiveCfg = Release|Any CPU
		{EB0D2B72-52B6-4DB3-8F6A-06FCE4CE973B}.Release|x86.Build.0 = Release|Any CPU
		{5A570FF3-32CE-4E91-8C11-72BF323AFC1D}.Debug|Any CPU.ActiveCfg = Debug|Any CPU
		{5A570FF3-32CE-4E91-8C11-72BF323AFC1D}.Debug|Any CPU.Build.0 = Debug|Any CPU
		{5A570FF3-32CE-4E91-8C11-72BF323AFC1D}.Debug|x64.ActiveCfg = Debug|Any CPU
		{5A570FF3-32CE-4E91-8C11-72BF323AFC1D}.Debug|x64.Build.0 = Debug|Any CPU
		{5A570FF3-32CE-4E91-8C11-72BF323AFC1D}.Debug|x86.ActiveCfg = Debug|Any CPU
		{5A570FF3-32CE-4E91-8C11-72BF323AFC1D}.Debug|x86.Build.0 = Debug|Any CPU
		{5A570FF3-32CE-4E91-8C11-72BF323AFC1D}.Release|Any CPU.ActiveCfg = Release|Any CPU
		{5A570FF3-32CE-4E91-8C11-72BF323AFC1D}.Release|Any CPU.Build.0 = Release|Any CPU
		{5A570FF3-32CE-4E91-8C11-72BF323AFC1D}.Release|x64.ActiveCfg = Release|Any CPU
		{5A570FF3-32CE-4E91-8C11-72BF323AFC1D}.Release|x64.Build.0 = Release|Any CPU
		{5A570FF3-32CE-4E91-8C11-72BF323AFC1D}.Release|x86.ActiveCfg = Release|Any CPU
		{5A570FF3-32CE-4E91-8C11-72BF323AFC1D}.Release|x86.Build.0 = Release|Any CPU
		{8994D0C8-4821-4E1A-875A-CBC9D9109D93}.Debug|Any CPU.ActiveCfg = Debug|Any CPU
		{8994D0C8-4821-4E1A-875A-CBC9D9109D93}.Debug|Any CPU.Build.0 = Debug|Any CPU
		{8994D0C8-4821-4E1A-875A-CBC9D9109D93}.Debug|x64.ActiveCfg = Debug|Any CPU
		{8994D0C8-4821-4E1A-875A-CBC9D9109D93}.Debug|x64.Build.0 = Debug|Any CPU
		{8994D0C8-4821-4E1A-875A-CBC9D9109D93}.Debug|x86.ActiveCfg = Debug|Any CPU
		{8994D0C8-4821-4E1A-875A-CBC9D9109D93}.Debug|x86.Build.0 = Debug|Any CPU
		{8994D0C8-4821-4E1A-875A-CBC9D9109D93}.Release|Any CPU.ActiveCfg = Release|Any CPU
		{8994D0C8-4821-4E1A-875A-CBC9D9109D93}.Release|Any CPU.Build.0 = Release|Any CPU
		{8994D0C8-4821-4E1A-875A-CBC9D9109D93}.Release|x64.ActiveCfg = Release|Any CPU
		{8994D0C8-4821-4E1A-875A-CBC9D9109D93}.Release|x64.Build.0 = Release|Any CPU
		{8994D0C8-4821-4E1A-875A-CBC9D9109D93}.Release|x86.ActiveCfg = Release|Any CPU
		{8994D0C8-4821-4E1A-875A-CBC9D9109D93}.Release|x86.Build.0 = Release|Any CPU
		{EA6B2B86-BA97-4969-AE75-1D39A1E116FF}.Debug|Any CPU.ActiveCfg = Debug|Any CPU
		{EA6B2B86-BA97-4969-AE75-1D39A1E116FF}.Debug|Any CPU.Build.0 = Debug|Any CPU
		{EA6B2B86-BA97-4969-AE75-1D39A1E116FF}.Debug|x64.ActiveCfg = Debug|Any CPU
		{EA6B2B86-BA97-4969-AE75-1D39A1E116FF}.Debug|x64.Build.0 = Debug|Any CPU
		{EA6B2B86-BA97-4969-AE75-1D39A1E116FF}.Debug|x86.ActiveCfg = Debug|Any CPU
		{EA6B2B86-BA97-4969-AE75-1D39A1E116FF}.Debug|x86.Build.0 = Debug|Any CPU
		{EA6B2B86-BA97-4969-AE75-1D39A1E116FF}.Release|Any CPU.ActiveCfg = Release|Any CPU
		{EA6B2B86-BA97-4969-AE75-1D39A1E116FF}.Release|Any CPU.Build.0 = Release|Any CPU
		{EA6B2B86-BA97-4969-AE75-1D39A1E116FF}.Release|x64.ActiveCfg = Release|Any CPU
		{EA6B2B86-BA97-4969-AE75-1D39A1E116FF}.Release|x64.Build.0 = Release|Any CPU
		{EA6B2B86-BA97-4969-AE75-1D39A1E116FF}.Release|x86.ActiveCfg = Release|Any CPU
		{EA6B2B86-BA97-4969-AE75-1D39A1E116FF}.Release|x86.Build.0 = Release|Any CPU
		{3DB18F89-0053-4E2D-B89A-0DDDCACBF8B9}.Debug|Any CPU.ActiveCfg = Debug|Any CPU
		{3DB18F89-0053-4E2D-B89A-0DDDCACBF8B9}.Debug|Any CPU.Build.0 = Debug|Any CPU
		{3DB18F89-0053-4E2D-B89A-0DDDCACBF8B9}.Debug|x64.ActiveCfg = Debug|Any CPU
		{3DB18F89-0053-4E2D-B89A-0DDDCACBF8B9}.Debug|x64.Build.0 = Debug|Any CPU
		{3DB18F89-0053-4E2D-B89A-0DDDCACBF8B9}.Debug|x86.ActiveCfg = Debug|Any CPU
		{3DB18F89-0053-4E2D-B89A-0DDDCACBF8B9}.Debug|x86.Build.0 = Debug|Any CPU
		{3DB18F89-0053-4E2D-B89A-0DDDCACBF8B9}.Release|Any CPU.ActiveCfg = Release|Any CPU
		{3DB18F89-0053-4E2D-B89A-0DDDCACBF8B9}.Release|Any CPU.Build.0 = Release|Any CPU
		{3DB18F89-0053-4E2D-B89A-0DDDCACBF8B9}.Release|x64.ActiveCfg = Release|Any CPU
		{3DB18F89-0053-4E2D-B89A-0DDDCACBF8B9}.Release|x64.Build.0 = Release|Any CPU
		{3DB18F89-0053-4E2D-B89A-0DDDCACBF8B9}.Release|x86.ActiveCfg = Release|Any CPU
		{3DB18F89-0053-4E2D-B89A-0DDDCACBF8B9}.Release|x86.Build.0 = Release|Any CPU
		{3B957F71-B8B1-4427-BE82-CC99419081D9}.Debug|Any CPU.ActiveCfg = Debug|Any CPU
		{3B957F71-B8B1-4427-BE82-CC99419081D9}.Debug|Any CPU.Build.0 = Debug|Any CPU
		{3B957F71-B8B1-4427-BE82-CC99419081D9}.Debug|x64.ActiveCfg = Debug|Any CPU
		{3B957F71-B8B1-4427-BE82-CC99419081D9}.Debug|x64.Build.0 = Debug|Any CPU
		{3B957F71-B8B1-4427-BE82-CC99419081D9}.Debug|x86.ActiveCfg = Debug|Any CPU
		{3B957F71-B8B1-4427-BE82-CC99419081D9}.Debug|x86.Build.0 = Debug|Any CPU
		{3B957F71-B8B1-4427-BE82-CC99419081D9}.Release|Any CPU.ActiveCfg = Release|Any CPU
		{3B957F71-B8B1-4427-BE82-CC99419081D9}.Release|Any CPU.Build.0 = Release|Any CPU
		{3B957F71-B8B1-4427-BE82-CC99419081D9}.Release|x64.ActiveCfg = Release|Any CPU
		{3B957F71-B8B1-4427-BE82-CC99419081D9}.Release|x64.Build.0 = Release|Any CPU
		{3B957F71-B8B1-4427-BE82-CC99419081D9}.Release|x86.ActiveCfg = Release|Any CPU
		{3B957F71-B8B1-4427-BE82-CC99419081D9}.Release|x86.Build.0 = Release|Any CPU
		{D2484489-7791-4D95-B45A-7DA43D230369}.Debug|Any CPU.ActiveCfg = Debug|Any CPU
		{D2484489-7791-4D95-B45A-7DA43D230369}.Debug|Any CPU.Build.0 = Debug|Any CPU
		{D2484489-7791-4D95-B45A-7DA43D230369}.Debug|x64.ActiveCfg = Debug|Any CPU
		{D2484489-7791-4D95-B45A-7DA43D230369}.Debug|x64.Build.0 = Debug|Any CPU
		{D2484489-7791-4D95-B45A-7DA43D230369}.Debug|x86.ActiveCfg = Debug|Any CPU
		{D2484489-7791-4D95-B45A-7DA43D230369}.Debug|x86.Build.0 = Debug|Any CPU
		{D2484489-7791-4D95-B45A-7DA43D230369}.Release|Any CPU.ActiveCfg = Release|Any CPU
		{D2484489-7791-4D95-B45A-7DA43D230369}.Release|Any CPU.Build.0 = Release|Any CPU
		{D2484489-7791-4D95-B45A-7DA43D230369}.Release|x64.ActiveCfg = Release|Any CPU
		{D2484489-7791-4D95-B45A-7DA43D230369}.Release|x64.Build.0 = Release|Any CPU
		{D2484489-7791-4D95-B45A-7DA43D230369}.Release|x86.ActiveCfg = Release|Any CPU
		{D2484489-7791-4D95-B45A-7DA43D230369}.Release|x86.Build.0 = Release|Any CPU
		{C682980D-88E7-4D75-8CE0-202660AC8A75}.Debug|Any CPU.ActiveCfg = Debug|Any CPU
		{C682980D-88E7-4D75-8CE0-202660AC8A75}.Debug|Any CPU.Build.0 = Debug|Any CPU
		{C682980D-88E7-4D75-8CE0-202660AC8A75}.Debug|x64.ActiveCfg = Debug|Any CPU
		{C682980D-88E7-4D75-8CE0-202660AC8A75}.Debug|x64.Build.0 = Debug|Any CPU
		{C682980D-88E7-4D75-8CE0-202660AC8A75}.Debug|x86.ActiveCfg = Debug|Any CPU
		{C682980D-88E7-4D75-8CE0-202660AC8A75}.Debug|x86.Build.0 = Debug|Any CPU
		{C682980D-88E7-4D75-8CE0-202660AC8A75}.Release|Any CPU.ActiveCfg = Release|Any CPU
		{C682980D-88E7-4D75-8CE0-202660AC8A75}.Release|Any CPU.Build.0 = Release|Any CPU
		{C682980D-88E7-4D75-8CE0-202660AC8A75}.Release|x64.ActiveCfg = Release|Any CPU
		{C682980D-88E7-4D75-8CE0-202660AC8A75}.Release|x64.Build.0 = Release|Any CPU
		{C682980D-88E7-4D75-8CE0-202660AC8A75}.Release|x86.ActiveCfg = Release|Any CPU
		{C682980D-88E7-4D75-8CE0-202660AC8A75}.Release|x86.Build.0 = Release|Any CPU
	EndGlobalSection
	GlobalSection(SolutionProperties) = preSolution
		HideSolutionNode = FALSE
	EndGlobalSection
	GlobalSection(NestedProjects) = preSolution
		{BC6A44A7-F6F8-4D03-A143-DB1DFF9CC0AD} = {827E0CD3-B72D-47B6-A68D-7590B98EB39B}
		{4DB2A308-A5CE-49BD-AFAC-7FE70D356386} = {827E0CD3-B72D-47B6-A68D-7590B98EB39B}
		{EE620D66-BE97-46E1-BC0F-A68E551366FF} = {827E0CD3-B72D-47B6-A68D-7590B98EB39B}
		{EB0D2B72-52B6-4DB3-8F6A-06FCE4CE973B} = {827E0CD3-B72D-47B6-A68D-7590B98EB39B}
		{5A570FF3-32CE-4E91-8C11-72BF323AFC1D} = {827E0CD3-B72D-47B6-A68D-7590B98EB39B}
		{8994D0C8-4821-4E1A-875A-CBC9D9109D93} = {827E0CD3-B72D-47B6-A68D-7590B98EB39B}
		{EA6B2B86-BA97-4969-AE75-1D39A1E116FF} = {827E0CD3-B72D-47B6-A68D-7590B98EB39B}
		{3DB18F89-0053-4E2D-B89A-0DDDCACBF8B9} = {827E0CD3-B72D-47B6-A68D-7590B98EB39B}
		{3B957F71-B8B1-4427-BE82-CC99419081D9} = {0AB3BF05-4346-4AA6-1389-037BE0695223}
		{D2484489-7791-4D95-B45A-7DA43D230369} = {0AB3BF05-4346-4AA6-1389-037BE0695223}
		{C682980D-88E7-4D75-8CE0-202660AC8A75} = {0AB3BF05-4346-4AA6-1389-037BE0695223}
	EndGlobalSection
EndGlobal
